
Microsoft Visual Studio Solution File, Format Version 12.00
# Visual Studio Version 17
VisualStudioVersion = 17.0.31903.59
MinimumVisualStudioVersion = 10.0.40219.1
Project("{FAE04EC0-301F-11D3-BF4B-00C04F79EFBC}") = "CommonSnappableTypes", "CommonSnappableTypes\CommonSnappableTypes.csproj", "{440EC320-5311-4812-B002-64A41ABDF9BE}"
EndProject
Project("{FAE04EC0-301F-11D3-BF4B-00C04F79EFBC}") = "CSharpSnapIn", "CSharpSnapIn\CSharpSnapIn.csproj", "{00E3E2D3-3410-43EE-B215-6A8704DF35DA}"
EndProject
Project("{2150E333-8FDC-42A3-9474-1A3956D46DE8}") = "VbSnapIn", "VbSnapIn", "{DFB46C55-A915-9C2C-7EA4-9271E84A6DCB}"
EndProject
Project("{F184B08F-C81C-45F6-A57F-5ABD9991F28F}") = "VBSnapIn", "VbSnapIn\VBSnapIn.vbproj", "{954B349E-E0A8-4B0A-A84A-66E2F5B2C99E}"
EndProject
Project("{FAE04EC0-301F-11D3-BF4B-00C04F79EFBC}") = "MyExtendableApp", "MyExtendableApp\MyExtendableApp.csproj", "{A4B57617-D6D2-47DB-9C00-4F5481518A8C}"
EndProject
Global
	GlobalSection(SolutionConfigurationPlatforms) = preSolution
		Debug|Any CPU = Debug|Any CPU
		Debug|x64 = Debug|x64
		Debug|x86 = Debug|x86
		Release|Any CPU = Release|Any CPU
		Release|x64 = Release|x64
		Release|x86 = Release|x86
	EndGlobalSection
	GlobalSection(ProjectConfigurationPlatforms) = postSolution
		{440EC320-5311-4812-B002-64A41ABDF9BE}.Debug|Any CPU.ActiveCfg = Debug|Any CPU
		{440EC320-5311-4812-B002-64A41ABDF9BE}.Debug|Any CPU.Build.0 = Debug|Any CPU
		{440EC320-5311-4812-B002-64A41ABDF9BE}.Debug|x64.ActiveCfg = Debug|Any CPU
		{440EC320-5311-4812-B002-64A41ABDF9BE}.Debug|x64.Build.0 = Debug|Any CPU
		{440EC320-5311-4812-B002-64A41ABDF9BE}.Debug|x86.ActiveCfg = Debug|Any CPU
		{440EC320-5311-4812-B002-64A41ABDF9BE}.Debug|x86.Build.0 = Debug|Any CPU
		{440EC320-5311-4812-B002-64A41ABDF9BE}.Release|Any CPU.ActiveCfg = Release|Any CPU
		{440EC320-5311-4812-B002-64A41ABDF9BE}.Release|Any CPU.Build.0 = Release|Any CPU
		{440EC320-5311-4812-B002-64A41ABDF9BE}.Release|x64.ActiveCfg = Release|Any CPU
		{440EC320-5311-4812-B002-64A41ABDF9BE}.Release|x64.Build.0 = Release|Any CPU
		{440EC320-5311-4812-B002-64A41ABDF9BE}.Release|x86.ActiveCfg = Release|Any CPU
		{440EC320-5311-4812-B002-64A41ABDF9BE}.Release|x86.Build.0 = Release|Any CPU
		{00E3E2D3-3410-43EE-B215-6A8704DF35DA}.Debug|Any CPU.ActiveCfg = Debug|Any CPU
		{00E3E2D3-3410-43EE-B215-6A8704DF35DA}.Debug|Any CPU.Build.0 = Debug|Any CPU
		{00E3E2D3-3410-43EE-B215-6A8704DF35DA}.Debug|x64.ActiveCfg = Debug|Any CPU
		{00E3E2D3-3410-43EE-B215-6A8704DF35DA}.Debug|x64.Build.0 = Debug|Any CPU
		{00E3E2D3-3410-43EE-B215-6A8704DF35DA}.Debug|x86.ActiveCfg = Debug|Any CPU
		{00E3E2D3-3410-43EE-B215-6A8704DF35DA}.Debug|x86.Build.0 = Debug|Any CPU
		{00E3E2D3-3410-43EE-B215-6A8704DF35DA}.Release|Any CPU.ActiveCfg = Release|Any CPU
		{00E3E2D3-3410-43EE-B215-6A8704DF35DA}.Release|Any CPU.Build.0 = Release|Any CPU
		{00E3E2D3-3410-43EE-B215-6A8704DF35DA}.Release|x64.ActiveCfg = Release|Any CPU
		{00E3E2D3-3410-43EE-B215-6A8704DF35DA}.Release|x64.Build.0 = Release|Any CPU
		{00E3E2D3-3410-43EE-B215-6A8704DF35DA}.Release|x86.ActiveCfg = Release|Any CPU
		{00E3E2D3-3410-43EE-B215-6A8704DF35DA}.Release|x86.Build.0 = Release|Any CPU
		{954B349E-E0A8-4B0A-A84A-66E2F5B2C99E}.Debug|Any CPU.ActiveCfg = Debug|Any CPU
		{954B349E-E0A8-4B0A-A84A-66E2F5B2C99E}.Debug|Any CPU.Build.0 = Debug|Any CPU
		{954B349E-E0A8-4B0A-A84A-66E2F5B2C99E}.Debug|x64.ActiveCfg = Debug|Any CPU
		{954B349E-E0A8-4B0A-A84A-66E2F5B2C99E}.Debug|x64.Build.0 = Debug|Any CPU
		{954B349E-E0A8-4B0A-A84A-66E2F5B2C99E}.Debug|x86.ActiveCfg = Debug|Any CPU
		{954B349E-E0A8-4B0A-A84A-66E2F5B2C99E}.Debug|x86.Build.0 = Debug|Any CPU
		{954B349E-E0A8-4B0A-A84A-66E2F5B2C99E}.Release|Any CPU.ActiveCfg = Release|Any CPU
		{954B349E-E0A8-4B0A-A84A-66E2F5B2C99E}.Release|Any CPU.Build.0 = Release|Any CPU
		{954B349E-E0A8-4B0A-A84A-66E2F5B2C99E}.Release|x64.ActiveCfg = Release|Any CPU
		{954B349E-E0A8-4B0A-A84A-66E2F5B2C99E}.Release|x64.Build.0 = Release|Any CPU
		{954B349E-E0A8-4B0A-A84A-66E2F5B2C99E}.Release|x86.ActiveCfg = Release|Any CPU
		{954B349E-E0A8-4B0A-A84A-66E2F5B2C99E}.Release|x86.Build.0 = Release|Any CPU
		{A4B57617-D6D2-47DB-9C00-4F5481518A8C}.Debug|Any CPU.ActiveCfg = Debug|Any CPU
		{A4B57617-D6D2-47DB-9C00-4F5481518A8C}.Debug|Any CPU.Build.0 = Debug|Any CPU
		{A4B57617-D6D2-47DB-9C00-4F5481518A8C}.Debug|x64.ActiveCfg = Debug|Any CPU
		{A4B57617-D6D2-47DB-9C00-4F5481518A8C}.Debug|x64.Build.0 = Debug|Any CPU
		{A4B57617-D6D2-47DB-9C00-4F5481518A8C}.Debug|x86.ActiveCfg = Debug|Any CPU
		{A4B57617-D6D2-47DB-9C00-4F5481518A8C}.Debug|x86.Build.0 = Debug|Any CPU
		{A4B57617-D6D2-47DB-9C00-4F5481518A8C}.Release|Any CPU.ActiveCfg = Release|Any CPU
		{A4B57617-D6D2-47DB-9C00-4F5481518A8C}.Release|Any CPU.Build.0 = Release|Any CPU
		{A4B57617-D6D2-47DB-9C00-4F5481518A8C}.Release|x64.ActiveCfg = Release|Any CPU
		{A4B57617-D6D2-47DB-9C00-4F5481518A8C}.Release|x64.Build.0 = Release|Any CPU
		{A4B57617-D6D2-47DB-9C00-4F5481518A8C}.Release|x86.ActiveCfg = Release|Any CPU
		{A4B57617-D6D2-47DB-9C00-4F5481518A8C}.Release|x86.Build.0 = Release|Any CPU
	EndGlobalSection
	GlobalSection(SolutionProperties) = preSolution
		HideSolutionNode = FALSE
	EndGlobalSection
	GlobalSection(NestedProjects) = preSolution
		{954B349E-E0A8-4B0A-A84A-66E2F5B2C99E} = {DFB46C55-A915-9C2C-7EA4-9271E84A6DCB}
	EndGlobalSection
EndGlobal
